// !$*UTF8*$!
{
	archiveVersion = 1;
	classes = {
	};
	objectVersion = 77;
	objects = {

/* Begin PBXContainerItemProxy section */
		652A77742DF8CF7A00C69645 /* PBXContainerItemProxy */ = {
			isa = PBXContainerItemProxy;
			containerPortal = 652A775B2DF8CF7800C69645 /* Project object */;
			proxyType = 1;
			remoteGlobalIDString = 652A77622DF8CF7800C69645;
			remoteInfo = ListOfDogsClean;
		};
		652A777E2DF8CF7A00C69645 /* PBXContainerItemProxy */ = {
			isa = PBXContainerItemProxy;
			containerPortal = 652A775B2DF8CF7800C69645 /* Project object */;
			proxyType = 1;
			remoteGlobalIDString = 652A77622DF8CF7800C69645;
			remoteInfo = ListOfDogsClean;
		};
/* End PBXContainerItemProxy section */

/* Begin PBXFileReference section */
		652A77632DF8CF7800C69645 /* ListOfDogsClean.app */ = {isa = PBXFileReference; explicitFileType = wrapper.application; includeInIndex = 0; path = ListOfDogsClean.app; sourceTree = BUILT_PRODUCTS_DIR; };
		652A77732DF8CF7A00C69645 /* ListOfDogsCleanTests.xctest */ = {isa = PBXFileReference; explicitFileType = wrapper.cfbundle; includeInIndex = 0; path = ListOfDogsCleanTests.xctest; sourceTree = BUILT_PRODUCTS_DIR; };
		652A777D2DF8CF7A00C69645 /* ListOfDogsCleanUITests.xctest */ = {isa = PBXFileReference; explicitFileType = wrapper.cfbundle; includeInIndex = 0; path = ListOfDogsCleanUITests.xctest; sourceTree = BUILT_PRODUCTS_DIR; };
/* End PBXFileReference section */

/* Begin PBXFileSystemSynchronizedBuildFileExceptionSet section */
		6566715E2DFB529200713E5F /* Exceptions for "ListOfDogsClean" folder in "ListOfDogsCleanTests" target */ = {
			isa = PBXFileSystemSynchronizedBuildFileExceptionSet;
			membershipExceptions = (
				Data/Repositories/DogRepository.swift,
				Data/Sources/Local/MockService.swift,
				Data/Sources/Remote/APISource.swift,
				Data/Sources/Remote/NetworkService.swift,
				Domain/Entities/Dog.swift,
				Domain/Entities/DogEntity.swift,
				Domain/UseCase/GetDogImageUseCase.swift,
				Domain/UseCase/GetDogsUseCase.swift,
				Presentation/ViewModel/ListOfDogsViewModel.swift,
				Resources/ModelData.swift,
			);
			target = 652A77722DF8CF7A00C69645 /* ListOfDogsCleanTests */;
		};
/* End PBXFileSystemSynchronizedBuildFileExceptionSet section */

/* Begin PBXFileSystemSynchronizedRootGroup section */
		652A77652DF8CF7800C69645 /* ListOfDogsClean */ = {
			isa = PBXFileSystemSynchronizedRootGroup;
			exceptions = (
				6566715E2DFB529200713E5F /* Exceptions for "ListOfDogsClean" folder in "ListOfDogsCleanTests" target */,
			);
			path = ListOfDogsClean;
			sourceTree = "<group>";
		};
		652A77762DF8CF7A00C69645 /* ListOfDogsCleanTests */ = {
			isa = PBXFileSystemSynchronizedRootGroup;
			path = ListOfDogsCleanTests;
			sourceTree = "<group>";
		};
		652A77802DF8CF7A00C69645 /* ListOfDogsCleanUITests */ = {
			isa = PBXFileSystemSynchronizedRootGroup;
			path = ListOfDogsCleanUITests;
			sourceTree = "<group>";
		};
/* End PBXFileSystemSynchronizedRootGroup section */

/* Begin PBXFrameworksBuildPhase section */
		652A77602DF8CF7800C69645 /* Frameworks */ = {
			isa = PBXFrameworksBuildPhase;
			buildActionMask = 2147483647;
			files = (
			);
			runOnlyForDeploymentPostprocessing = 0;
		};
		652A77702DF8CF7A00C69645 /* Frameworks */ = {
			isa = PBXFrameworksBuildPhase;
			buildActionMask = 2147483647;
			files = (
			);
			runOnlyForDeploymentPostprocessing = 0;
		};
		652A777A2DF8CF7A00C69645 /* Frameworks */ = {
			isa = PBXFrameworksBuildPhase;
			buildActionMask = 2147483647;
			files = (
			);
			runOnlyForDeploymentPostprocessing = 0;
		};
/* End PBXFrameworksBuildPhase section */

/* Begin PBXGroup section */
		652A775A2DF8CF7800C69645 = {
			isa = PBXGroup;
			children = (
				652A77652DF8CF7800C69645 /* ListOfDogsClean */,
				652A77762DF8CF7A00C69645 /* ListOfDogsCleanTests */,
				652A77802DF8CF7A00C69645 /* ListOfDogsCleanUITests */,
				652A77642DF8CF7800C69645 /* Products */,
			);
			sourceTree = "<group>";
		};
		652A77642DF8CF7800C69645 /* Products */ = {
			isa = PBXGroup;
			children = (
				652A77632DF8CF7800C69645 /* ListOfDogsClean.app */,
				652A77732DF8CF7A00C69645 /* ListOfDogsCleanTests.xctest */,
				652A777D2DF8CF7A00C69645 /* ListOfDogsCleanUITests.xctest */,
			);
			name = Products;
			sourceTree = "<group>";
		};
/* End PBXGroup section */

/* Begin PBXNativeTarget section */
		652A77622DF8CF7800C69645 /* ListOfDogsClean */ = {
			isa = PBXNativeTarget;
			buildConfigurationList = 652A77872DF8CF7A00C69645 /* Build configuration list for PBXNativeTarget "ListOfDogsClean" */;
			buildPhases = (
				652A775F2DF8CF7800C69645 /* Sources */,
				652A77602DF8CF7800C69645 /* Frameworks */,
				652A77612DF8CF7800C69645 /* Resources */,
			);
			buildRules = (
			);
			dependencies = (
			);
			fileSystemSynchronizedGroups = (
				652A77652DF8CF7800C69645 /* ListOfDogsClean */,
			);
			name = ListOfDogsClean;
			packageProductDependencies = (
			);
			productName = ListOfDogsClean;
			productReference = 652A77632DF8CF7800C69645 /* ListOfDogsClean.app */;
			productType = "com.apple.product-type.application";
		};
		652A77722DF8CF7A00C69645 /* ListOfDogsCleanTests */ = {
			isa = PBXNativeTarget;
			buildConfigurationList = 652A778A2DF8CF7A00C69645 /* Build configuration list for PBXNativeTarget "ListOfDogsCleanTests" */;
			buildPhases = (
				652A776F2DF8CF7A00C69645 /* Sources */,
				652A77702DF8CF7A00C69645 /* Frameworks */,
				652A77712DF8CF7A00C69645 /* Resources */,
			);
			buildRules = (
			);
			dependencies = (
				652A77752DF8CF7A00C69645 /* PBXTargetDependency */,
			);
			fileSystemSynchronizedGroups = (
				652A77762DF8CF7A00C69645 /* ListOfDogsCleanTests */,
			);
			name = ListOfDogsCleanTests;
			packageProductDependencies = (
			);
			productName = ListOfDogsCleanTests;
			productReference = 652A77732DF8CF7A00C69645 /* ListOfDogsCleanTests.xctest */;
			productType = "com.apple.product-type.bundle.unit-test";
		};
		652A777C2DF8CF7A00C69645 /* ListOfDogsCleanUITests */ = {
			isa = PBXNativeTarget;
			buildConfigurationList = 652A778D2DF8CF7A00C69645 /* Build configuration list for PBXNativeTarget "ListOfDogsCleanUITests" */;
			buildPhases = (
				652A77792DF8CF7A00C69645 /* Sources */,
				652A777A2DF8CF7A00C69645 /* Frameworks */,
				652A777B2DF8CF7A00C69645 /* Resources */,
			);
			buildRules = (
			);
			dependencies = (
				652A777F2DF8CF7A00C69645 /* PBXTargetDependency */,
			);
			fileSystemSynchronizedGroups = (
				652A77802DF8CF7A00C69645 /* ListOfDogsCleanUITests */,
			);
			name = ListOfDogsCleanUITests;
			packageProductDependencies = (
			);
			productName = ListOfDogsCleanUITests;
			productReference = 652A777D2DF8CF7A00C69645 /* ListOfDogsCleanUITests.xctest */;
			productType = "com.apple.product-type.bundle.ui-testing";
		};
/* End PBXNativeTarget section */

/* Begin PBXProject section */
		652A775B2DF8CF7800C69645 /* Project object */ = {
			isa = PBXProject;
			attributes = {
				BuildIndependentTargetsInParallel = 1;
				LastSwiftUpdateCheck = 1620;
				LastUpgradeCheck = 1620;
				TargetAttributes = {
					652A77622DF8CF7800C69645 = {
						CreatedOnToolsVersion = 16.2;
					};
					652A77722DF8CF7A00C69645 = {
						CreatedOnToolsVersion = 16.2;
						TestTargetID = 652A77622DF8CF7800C69645;
					};
					652A777C2DF8CF7A00C69645 = {
						CreatedOnToolsVersion = 16.2;
						TestTargetID = 652A77622DF8CF7800C69645;
					};
				};
			};
			buildConfigurationList = 652A775E2DF8CF7800C69645 /* Build configuration list for PBXProject "ListOfDogsClean" */;
			developmentRegion = en;
			hasScannedForEncodings = 0;
			knownRegions = (
				en,
				Base,
			);
			mainGroup = 652A775A2DF8CF7800C69645;
			minimizedProjectReferenceProxies = 1;
			preferredProjectObjectVersion = 77;
			productRefGroup = 652A77642DF8CF7800C69645 /* Products */;
			projectDirPath = "";
			projectRoot = "";
			targets = (
				652A77622DF8CF7800C69645 /* ListOfDogsClean */,
				652A77722DF8CF7A00C69645 /* ListOfDogsCleanTests */,
				652A777C2DF8CF7A00C69645 /* ListOfDogsCleanUITests */,
			);
		};
/* End PBXProject section */

/* Begin PBXResourcesBuildPhase section */
		652A77612DF8CF7800C69645 /* Resources */ = {
			isa = PBXResourcesBuildPhase;
			buildActionMask = 2147483647;
			files = (
			);
			runOnlyForDeploymentPostprocessing = 0;
		};
		652A77712DF8CF7A00C69645 /* Resources */ = {
			isa = PBXResourcesBuildPhase;
			buildActionMask = 2147483647;
			files = (
			);
			runOnlyForDeploymentPostprocessing = 0;
		};
		652A777B2DF8CF7A00C69645 /* Resources */ = {
			isa = PBXResourcesBuildPhase;
			buildActionMask = 2147483647;
			files = (
			);
			runOnlyForDeploymentPostprocessing = 0;
		};
/* End PBXResourcesBuildPhase section */

/* Begin PBXSourcesBuildPhase section */
		652A775F2DF8CF7800C69645 /* Sources */ = {
			isa = PBXSourcesBuildPhase;
			buildActionMask = 2147483647;
			files = (
			);
			runOnlyForDeploymentPostprocessing = 0;
		};
		652A776F2DF8CF7A00C69645 /* Sources */ = {
			isa = PBXSourcesBuildPhase;
			buildActionMask = 2147483647;
			files = (
			);
			runOnlyForDeploymentPostprocessing = 0;
		};
		652A77792DF8CF7A00C69645 /* Sources */ = {
			isa = PBXSourcesBuildPhase;
			buildActionMask = 2147483647;
			files = (
			);
			runOnlyForDeploymentPostprocessing = 0;
		};
/* End PBXSourcesBuildPhase section */

/* Begin PBXTargetDependency section */
		652A77752DF8CF7A00C69645 /* PBXTargetDependency */ = {
			isa = PBXTargetDependency;
			target = 652A77622DF8CF7800C69645 /* ListOfDogsClean */;
			targetProxy = 652A77742DF8CF7A00C69645 /* PBXContainerItemProxy */;
		};
		652A777F2DF8CF7A00C69645 /* PBXTargetDependency */ = {
			isa = PBXTargetDependency;
			target = 652A77622DF8CF7800C69645 /* ListOfDogsClean */;
			targetProxy = 652A777E2DF8CF7A00C69645 /* PBXContainerItemProxy */;
		};
/* End PBXTargetDependency section */

/* Begin XCBuildConfiguration section */
		652A77852DF8CF7A00C69645 /* Debug */ = {
			isa = XCBuildConfiguration;
			buildSettings = {
				ALWAYS_SEARCH_USER_PATHS = NO;
				ASSETCATALOG_COMPILER_GENERATE_SWIFT_ASSET_SYMBOL_EXTENSIONS = YES;
				CLANG_ANALYZER_NONNULL = YES;
				CLANG_ANALYZER_NUMBER_OBJECT_CONVERSION = YES_AGGRESSIVE;
				CLANG_CXX_LANGUAGE_STANDARD = "gnu++20";
				CLANG_ENABLE_MODULES = YES;
				CLANG_ENABLE_OBJC_ARC = YES;
				CLANG_ENABLE_OBJC_WEAK = YES;
				CLANG_WARN_BLOCK_CAPTURE_AUTORELEASING = YES;
				CLANG_WARN_BOOL_CONVERSION = YES;
				CLANG_WARN_COMMA = YES;
				CLANG_WARN_CONSTANT_CONVERSION = YES;
				CLANG_WARN_DEPRECATED_OBJC_IMPLEMENTATIONS = YES;
				CLANG_WARN_DIRECT_OBJC_ISA_USAGE = YES_ERROR;
				CLANG_WARN_DOCUMENTATION_COMMENTS = YES;
				CLANG_WARN_EMPTY_BODY = YES;
				CLANG_WARN_ENUM_CONVERSION = YES;
				CLANG_WARN_INFINITE_RECURSION = YES;
				CLANG_WARN_INT_CONVERSION = YES;
				CLANG_WARN_NON_LITERAL_NULL_CONVERSION = YES;
				CLANG_WARN_OBJC_IMPLICIT_RETAIN_SELF = YES;
				CLANG_WARN_OBJC_LITERAL_CONVERSION = YES;
				CLANG_WARN_OBJC_ROOT_CLASS = YES_ERROR;
				CLANG_WARN_QUOTED_INCLUDE_IN_FRAMEWORK_HEADER = YES;
				CLANG_WARN_RANGE_LOOP_ANALYSIS = YES;
				CLANG_WARN_STRICT_PROTOTYPES = YES;
				CLANG_WARN_SUSPICIOUS_MOVE = YES;
				CLANG_WARN_UNGUARDED_AVAILABILITY = YES_AGGRESSIVE;
				CLANG_WARN_UNREACHABLE_CODE = YES;
				CLANG_WARN__DUPLICATE_METHOD_MATCH = YES;
				COPY_PHASE_STRIP = NO;
				DEBUG_INFORMATION_FORMAT = dwarf;
				ENABLE_STRICT_OBJC_MSGSEND = YES;
				ENABLE_TESTABILITY = YES;
				ENABLE_USER_SCRIPT_SANDBOXING = YES;
				GCC_C_LANGUAGE_STANDARD = gnu17;
				GCC_DYNAMIC_NO_PIC = NO;
				GCC_NO_COMMON_BLOCKS = YES;
				GCC_OPTIMIZATION_LEVEL = 0;
				GCC_PREPROCESSOR_DEFINITIONS = (
					"DEBUG=1",
					"$(inherited)",
				);
				GCC_WARN_64_TO_32_BIT_CONVERSION = YES;
				GCC_WARN_ABOUT_RETURN_TYPE = YES_ERROR;
				GCC_WARN_UNDECLARED_SELECTOR = YES;
				GCC_WARN_UNINITIALIZED_AUTOS = YES_AGGRESSIVE;
				GCC_WARN_UNUSED_FUNCTION = YES;
				GCC_WARN_UNUSED_VARIABLE = YES;
				IPHONEOS_DEPLOYMENT_TARGET = 18.2;
				LOCALIZATION_PREFERS_STRING_CATALOGS = YES;
				MTL_ENABLE_DEBUG_INFO = INCLUDE_SOURCE;
				MTL_FAST_MATH = YES;
				ONLY_ACTIVE_ARCH = YES;
				SDKROOT = iphoneos;
				SWIFT_ACTIVE_COMPILATION_CONDITIONS = "DEBUG $(inherited)";
				SWIFT_OPTIMIZATION_LEVEL = "-Onone";
			};
			name = Debug;
		};
		652A77862DF8CF7A00C69645 /* Release */ = {
			isa = XCBuildConfiguration;
			buildSettings = {
				ALWAYS_SEARCH_USER_PATHS = NO;
				ASSETCATALOG_COMPILER_GENERATE_SWIFT_ASSET_SYMBOL_EXTENSIONS = YES;
				CLANG_ANALYZER_NONNULL = YES;
				CLANG_ANALYZER_NUMBER_OBJECT_CONVERSION = YES_AGGRESSIVE;
				CLANG_CXX_LANGUAGE_STANDARD = "gnu++20";
				CLANG_ENABLE_MODULES = YES;
				CLANG_ENABLE_OBJC_ARC = YES;
				CLANG_ENABLE_OBJC_WEAK = YES;
				CLANG_WARN_BLOCK_CAPTURE_AUTORELEASING = YES;
				CLANG_WARN_BOOL_CONVERSION = YES;
				CLANG_WARN_COMMA = YES;
				CLANG_WARN_CONSTANT_CONVERSION = YES;
				CLANG_WARN_DEPRECATED_OBJC_IMPLEMENTATIONS = YES;
				CLANG_WARN_DIRECT_OBJC_ISA_USAGE = YES_ERROR;
				CLANG_WARN_DOCUMENTATION_COMMENTS = YES;
				CLANG_WARN_EMPTY_BODY = YES;
				CLANG_WARN_ENUM_CONVERSION = YES;
				CLANG_WARN_INFINITE_RECURSION = YES;
				CLANG_WARN_INT_CONVERSION = YES;
				CLANG_WARN_NON_LITERAL_NULL_CONVERSION = YES;
				CLANG_WARN_OBJC_IMPLICIT_RETAIN_SELF = YES;
				CLANG_WARN_OBJC_LITERAL_CONVERSION = YES;
				CLANG_WARN_OBJC_ROOT_CLASS = YES_ERROR;
				CLANG_WARN_QUOTED_INCLUDE_IN_FRAMEWORK_HEADER = YES;
				CLANG_WARN_RANGE_LOOP_ANALYSIS = YES;
				CLANG_WARN_STRICT_PROTOTYPES = YES;
				CLANG_WARN_SUSPICIOUS_MOVE = YES;
				CLANG_WARN_UNGUARDED_AVAILABILITY = YES_AGGRESSIVE;
				CLANG_WARN_UNREACHABLE_CODE = YES;
				CLANG_WARN__DUPLICATE_METHOD_MATCH = YES;
				COPY_PHASE_STRIP = NO;
				DEBUG_INFORMATION_FORMAT = "dwarf-with-dsym";
				ENABLE_NS_ASSERTIONS = NO;
				ENABLE_STRICT_OBJC_MSGSEND = YES;
				ENABLE_USER_SCRIPT_SANDBOXING = YES;
				GCC_C_LANGUAGE_STANDARD = gnu17;
				GCC_NO_COMMON_BLOCKS = YES;
				GCC_WARN_64_TO_32_BIT_CONVERSION = YES;
				GCC_WARN_ABOUT_RETURN_TYPE = YES_ERROR;
				GCC_WARN_UNDECLARED_SELECTOR = YES;
				GCC_WARN_UNINITIALIZED_AUTOS = YES_AGGRESSIVE;
				GCC_WARN_UNUSED_FUNCTION = YES;
				GCC_WARN_UNUSED_VARIABLE = YES;
				IPHONEOS_DEPLOYMENT_TARGET = 18.2;
				LOCALIZATION_PREFERS_STRING_CATALOGS = YES;
				MTL_ENABLE_DEBUG_INFO = NO;
				MTL_FAST_MATH = YES;
				SDKROOT = iphoneos;
				SWIFT_COMPILATION_MODE = wholemodule;
				VALIDATE_PRODUCT = YES;
			};
			name = Release;
		};
		652A77882DF8CF7A00C69645 /* Debug */ = {
			isa = XCBuildConfiguration;
			buildSettings = {
				ASSETCATALOG_COMPILER_APPICON_NAME = AppIcon;
				ASSETCATALOG_COMPILER_GLOBAL_ACCENT_COLOR_NAME = AccentColor;
				CODE_SIGN_STYLE = Automatic;
				CURRENT_PROJECT_VERSION = 1;
				DEVELOPMENT_ASSET_PATHS = "\"ListOfDogsClean/Preview Content\"";
				DEVELOPMENT_TEAM = 6C6AR585VP;
				ENABLE_PREVIEWS = YES;
				GENERATE_INFOPLIST_FILE = YES;
				INFOPLIST_KEY_UIApplicationSceneManifest_Generation = YES;
				INFOPLIST_KEY_UIApplicationSupportsIndirectInputEvents = YES;
				INFOPLIST_KEY_UILaunchScreen_Generation = YES;
				INFOPLIST_KEY_UISupportedInterfaceOrientations_iPad = "UIInterfaceOrientationPortrait UIInterfaceOrientationPortraitUpsideDown UIInterfaceOrientationLandscapeLeft UIInterfaceOrientationLandscapeRight";
				INFOPLIST_KEY_UISupportedInterfaceOrientations_iPhone = "UIInterfaceOrientationPortrait UIInterfaceOrientationLandscapeLeft UIInterfaceOrientationLandscapeRight";
				LD_RUNPATH_SEARCH_PATHS = (
					"$(inherited)",
					"@executable_path/Frameworks",
				);
				MARKETING_VERSION = 1.0;
				PRODUCT_BUNDLE_IDENTIFIER = com.devthings.ListOfDogsClean;
				PRODUCT_NAME = "$(TARGET_NAME)";
				SWIFT_EMIT_LOC_STRINGS = YES;
				SWIFT_VERSION = 5.0;
				TARGETED_DEVICE_FAMILY = "1,2";
			};
			name = Debug;
		};
		652A77892DF8CF7A00C69645 /* Release */ = {
			isa = XCBuildConfiguration;
			buildSettings = {
				ASSETCATALOG_COMPILER_APPICON_NAME = AppIcon;
				ASSETCATALOG_COMPILER_GLOBAL_ACCENT_COLOR_NAME = AccentColor;
				CODE_SIGN_STYLE = Automatic;
				CURRENT_PROJECT_VERSION = 1;
				DEVELOPMENT_ASSET_PATHS = "\"ListOfDogsClean/Preview Content\"";
				DEVELOPMENT_TEAM = 6C6AR585VP;
				ENABLE_PREVIEWS = YES;
				GENERATE_INFOPLIST_FILE = YES;
				INFOPLIST_KEY_UIApplicationSceneManifest_Generation = YES;
				INFOPLIST_KEY_UIApplicationSupportsIndirectInputEvents = YES;
				INFOPLIST_KEY_UILaunchScreen_Generation = YES;
				INFOPLIST_KEY_UISupportedInterfaceOrientations_iPad = "UIInterfaceOrientationPortrait UIInterfaceOrientationPortraitUpsideDown UIInterfaceOrientationLandscapeLeft UIInterfaceOrientationLandscapeRight";
				INFOPLIST_KEY_UISupportedInterfaceOrientations_iPhone = "UIInterfaceOrientationPortrait UIInterfaceOrientationLandscapeLeft UIInterfaceOrientationLandscapeRight";
				LD_RUNPATH_SEARCH_PATHS = (
					"$(inherited)",
					"@executable_path/Frameworks",
				);
				MARKETING_VERSION = 1.0;
				PRODUCT_BUNDLE_IDENTIFIER = com.devthings.ListOfDogsClean;
				PRODUCT_NAME = "$(TARGET_NAME)";
				SWIFT_EMIT_LOC_STRINGS = YES;
				SWIFT_VERSION = 5.0;
				TARGETED_DEVICE_FAMILY = "1,2";
			};
			name = Release;
		};
		652A778B2DF8CF7A00C69645 /* Debug */ = {
			isa = XCBuildConfiguration;
			buildSettings = {
				BUNDLE_LOADER = "$(TEST_HOST)";
				CODE_SIGN_STYLE = Automatic;
				CURRENT_PROJECT_VERSION = 1;
				DEVELOPMENT_TEAM = 6C6AR585VP;
				GENERATE_INFOPLIST_FILE = YES;
				IPHONEOS_DEPLOYMENT_TARGET = 18.2;
				MARKETING_VERSION = 1.0;
				PRODUCT_BUNDLE_IDENTIFIER = com.devthings.ListOfDogsCleanTests;
				PRODUCT_NAME = "$(TARGET_NAME)";
				SWIFT_EMIT_LOC_STRINGS = NO;
				SWIFT_VERSION = 5.0;
				TARGETED_DEVICE_FAMILY = "1,2";
				TEST_HOST = "$(BUILT_PRODUCTS_DIR)/ListOfDogsClean.app/$(BUNDLE_EXECUTABLE_FOLDER_PATH)/ListOfDogsClean";
			};
			name = Debug;
		};
		652A778C2DF8CF7A00C69645 /* Release */ = {
			isa = XCBuildConfiguration;
			buildSettings = {
				BUNDLE_LOADER = "$(TEST_HOST)";
				CODE_SIGN_STYLE = Automatic;
				CURRENT_PROJECT_VERSION = 1;
				DEVELOPMENT_TEAM = 6C6AR585VP;
				GENERATE_INFOPLIST_FILE = YES;
				IPHONEOS_DEPLOYMENT_TARGET = 18.2;
				MARKETING_VERSION = 1.0;
				PRODUCT_BUNDLE_IDENTIFIER = com.devthings.ListOfDogsCleanTests;
				PRODUCT_NAME = "$(TARGET_NAME)";
				SWIFT_EMIT_LOC_STRINGS = NO;
				SWIFT_VERSION = 5.0;
				TARGETED_DEVICE_FAMILY = "1,2";
				TEST_HOST = "$(BUILT_PRODUCTS_DIR)/ListOfDogsClean.app/$(BUNDLE_EXECUTABLE_FOLDER_PATH)/ListOfDogsClean";
			};
			name = Release;
		};
		652A778E2DF8CF7A00C69645 /* Debug */ = {
			isa = XCBuildConfiguration;
			buildSettings = {
				CODE_SIGN_STYLE = Automatic;
				CURRENT_PROJECT_VERSION = 1;
				DEVELOPMENT_TEAM = 6C6AR585VP;
				GENERATE_INFOPLIST_FILE = YES;
				MARKETING_VERSION = 1.0;
				PRODUCT_BUNDLE_IDENTIFIER = com.devthings.ListOfDogsCleanUITests;
				PRODUCT_NAME = "$(TARGET_NAME)";
				SWIFT_EMIT_LOC_STRINGS = NO;
				SWIFT_VERSION = 5.0;
				TARGETED_DEVICE_FAMILY = "1,2";
				TEST_TARGET_NAME = ListOfDogsClean;
			};
			name = Debug;
		};
		652A778F2DF8CF7A00C69645 /* Release */ = {
			isa = XCBuildConfiguration;
			buildSettings = {
				CODE_SIGN_STYLE = Automatic;
				CURRENT_PROJECT_VERSION = 1;
				DEVELOPMENT_TEAM = 6C6AR585VP;
				GENERATE_INFOPLIST_FILE = YES;
				MARKETING_VERSION = 1.0;
				PRODUCT_BUNDLE_IDENTIFIER = com.devthings.ListOfDogsCleanUITests;
				PRODUCT_NAME = "$(TARGET_NAME)";
				SWIFT_EMIT_LOC_STRINGS = NO;
				SWIFT_VERSION = 5.0;
				TARGETED_DEVICE_FAMILY = "1,2";
				TEST_TARGET_NAME = ListOfDogsClean;
			};
			name = Release;
		};
/* End XCBuildConfiguration section */

/* Begin XCConfigurationList section */
		652A775E2DF8CF7800C69645 /* Build configuration list for PBXProject "ListOfDogsClean" */ = {
			isa = XCConfigurationList;
			buildConfigurations = (
				652A77852DF8CF7A00C69645 /* Debug */,
				652A77862DF8CF7A00C69645 /* Release */,
			);
			defaultConfigurationIsVisible = 0;
			defaultConfigurationName = Release;
		};
		652A77872DF8CF7A00C69645 /* Build configuration list for PBXNativeTarget "ListOfDogsClean" */ = {
			isa = XCConfigurationList;
			buildConfigurations = (
				652A77882DF8CF7A00C69645 /* Debug */,
				652A77892DF8CF7A00C69645 /* Release */,
			);
			defaultConfigurationIsVisible = 0;
			defaultConfigurationName = Release;
		};
		652A778A2DF8CF7A00C69645 /* Build configuration list for PBXNativeTarget "ListOfDogsCleanTests" */ = {
			isa = XCConfigurationList;
			buildConfigurations = (
				652A778B2DF8CF7A00C69645 /* Debug */,
				652A778C2DF8CF7A00C69645 /* Release */,
			);
			defaultConfigurationIsVisible = 0;
			defaultConfigurationName = Release;
		};
		652A778D2DF8CF7A00C69645 /* Build configuration list for PBXNativeTarget "ListOfDogsCleanUITests" */ = {
			isa = XCConfigurationList;
			buildConfigurations = (
				652A778E2DF8CF7A00C69645 /* Debug */,
				652A778F2DF8CF7A00C69645 /* Release */,
			);
			defaultConfigurationIsVisible = 0;
			defaultConfigurationName = Release;
		};
/* End XCConfigurationList section */
	};
	rootObject = 652A775B2DF8CF7800C69645 /* Project object */;
}
